
Microsoft Visual Studio Solution File, Format Version 12.00
# Visual Studio Version 17
VisualStudioVersion = 17.8.34511.84
MinimumVisualStudioVersion = 10.0.40219.1
Project("{FAE04EC0-301F-11D3-BF4B-00C04F79EFBC}") = "IpConsoleApp", "IpConsoleApp\IpConsoleApp.csproj", "{B80CAF88-8247-4AF1-A58B-3FD5D8DBB4BC}"
EndProject
Global
	GlobalSection(SolutionConfigurationPlatforms) = preSolution
		Debug|Any CPU = Debug|Any CPU
		Release|Any CPU = Release|Any CPU
	EndGlobalSection
	GlobalSection(ProjectConfigurationPlatforms) = postSolution
		{B80CAF88-8247-4AF1-A58B-3FD5D8DBB4BC}.Debug|Any CPU.ActiveCfg = Debug|Any CPU
		{B80CAF88-8247-4AF1-A58B-3FD5D8DBB4BC}.Debug|Any CPU.Build.0 = Debug|Any CPU
		{B80CAF88-8247-4AF1-A58B-3FD5D8DBB4BC}.Release|Any CPU.ActiveCfg = Release|Any CPU
		{B80CAF88-8247-4AF1-A58B-3FD5D8DBB4BC}.Release|Any CPU.Build.0 = Release|Any CPU
	EndGlobalSection
	GlobalSection(SolutionProperties) = preSolution
		HideSolutionNode = FALSE
	EndGlobalSection
	GlobalSection(ExtensibilityGlobals) = postSolution
		SolutionGuid = {6665BB5D-8A14-4677-88A3-B79F651DB9E0}
	EndGlobalSection
EndGlobal
